
Microsoft Visual Studio Solution File, Format Version 12.00
# Visual Studio Version 17
VisualStudioVersion = 17.12.35527.113
MinimumVisualStudioVersion = 10.0.40219.1
Project("{2150E333-8FDC-42A3-9474-1A3956D46DE8}") = "src", "src", "{FF8BA468-A2E3-42D2-A389-AAA866BD0B9B}"
EndProject
Project("{2150E333-8FDC-42A3-9474-1A3956D46DE8}") = "tests", "tests", "{25652A46-C310-4152-997C-E13397B69D25}"
EndProject
Project("{2150E333-8FDC-42A3-9474-1A3956D46DE8}") = "basePackages", "basePackages", "{ED7A204E-51F4-4B15-B119-95F5D90FA1A6}"
EndProject
Project("{FAE04EC0-301F-11D3-BF4B-00C04F79EFBC}") = "Base.AutoMapper", "src\basePackages\Base.AutoMapper\Base.AutoMapper.csproj", "{0D12250D-FDB9-4DA0-86FD-746681BC9D45}"
EndProject
Project("{FAE04EC0-301F-11D3-BF4B-00C04F79EFBC}") = "Base.Caching", "src\basePackages\Base.Caching\Base.Caching.csproj", "{FE8E1F12-F52F-43DB-BEA7-22FC13D105EF}"
EndProject
Project("{FAE04EC0-301F-11D3-BF4B-00C04F79EFBC}") = "Base.Constants", "src\basePackages\Base.Constants\Base.Constants.csproj", "{3FB1790C-75A7-4D40-8DDC-9305F994DE20}"
EndProject
Project("{FAE04EC0-301F-11D3-BF4B-00C04F79EFBC}") = "Base.Cookie", "src\basePackages\Base.Cookie\Base.Cookie.csproj", "{8E4EFAE3-9EBB-41B7-AA57-D66C4E62C63C}"
EndProject
Project("{FAE04EC0-301F-11D3-BF4B-00C04F79EFBC}") = "Base.DataAccess", "src\basePackages\Base.DataAccess\Base.DataAccess.csproj", "{BB7E0EDD-D5EC-4C20-98EB-6E38F77C69CD}"
EndProject
Project("{FAE04EC0-301F-11D3-BF4B-00C04F79EFBC}") = "Base.DataQuery", "src\basePackages\Base.DataQuery\Base.DataQuery.csproj", "{1B5E1E57-2817-4EB0-877D-74634D95559E}"
EndProject
Project("{FAE04EC0-301F-11D3-BF4B-00C04F79EFBC}") = "Base.Dto", "src\basePackages\Base.Dto\Base.Dto.csproj", "{14237A4D-2EC3-478F-BC1E-52A4281EFBB1}"
EndProject
Project("{FAE04EC0-301F-11D3-BF4B-00C04F79EFBC}") = "Base.Entity", "src\basePackages\Base.Entity\Base.Entity.csproj", "{22C1D3CC-98B4-4E38-B2CB-EB2B1C3D5F7A}"
EndProject
Project("{FAE04EC0-301F-11D3-BF4B-00C04F79EFBC}") = "Base.Exceptions", "src\basePackages\Base.Exceptions\Base.Exceptions.csproj", "{DD44922F-D13F-40AF-BAED-21DC6668740D}"
EndProject
Project("{FAE04EC0-301F-11D3-BF4B-00C04F79EFBC}") = "Base.Factory", "src\basePackages\Base.Factory\Base.Factory.csproj", "{F9FBB9F1-205A-4FD6-98AE-7005F3EA47DD}"
EndProject
Project("{FAE04EC0-301F-11D3-BF4B-00C04F79EFBC}") = "Base.Logging", "src\basePackages\Base.Logging\Base.Logging.csproj", "{23D1E53A-C164-4645-9507-2E31A58E19F7}"
EndProject
Project("{FAE04EC0-301F-11D3-BF4B-00C04F79EFBC}") = "Base.PrimitiveTypeHelpers", "src\basePackages\Base.PrimitiveTypeHelpers\Base.PrimitiveTypeHelpers.csproj", "{E448814D-AA2D-41E8-90B1-97CA2F9AF6C7}"
EndProject
Project("{FAE04EC0-301F-11D3-BF4B-00C04F79EFBC}") = "Base.RestApi", "src\basePackages\Base.RestApi\Base.RestApi.csproj", "{A95E518B-D930-4C28-A23E-BD26EF1CD984}"
EndProject
Project("{FAE04EC0-301F-11D3-BF4B-00C04F79EFBC}") = "Base.Security", "src\basePackages\Base.Security\Base.Security.csproj", "{934B0B6D-D77C-4999-8E25-92BABC8B5C8A}"
EndProject
Project("{FAE04EC0-301F-11D3-BF4B-00C04F79EFBC}") = "Base.Session", "src\basePackages\Base.Session\Base.Session.csproj", "{ECF99D5A-8512-40DB-8D35-49E802864B86}"
EndProject
Project("{FAE04EC0-301F-11D3-BF4B-00C04F79EFBC}") = "Base.Validation", "src\basePackages\Base.Validation\Base.Validation.csproj", "{CBCA7E2D-C48E-42C9-8280-652FF9DB3854}"
EndProject
Project("{2150E333-8FDC-42A3-9474-1A3956D46DE8}") = "byligg", "byligg", "{0054E95F-75D0-48EF-B6B5-B1524F74E259}"
EndProject
Project("{2150E333-8FDC-42A3-9474-1A3956D46DE8}") = "core", "core", "{4B12BACA-DB01-4DC7-A14C-1DC2B4FF29B4}"
EndProject
Project("{2150E333-8FDC-42A3-9474-1A3956D46DE8}") = "application", "application", "{80634568-93CD-44CE-AD04-8F9E88E0C074}"
EndProject
Project("{2150E333-8FDC-42A3-9474-1A3956D46DE8}") = "domain", "domain", "{19D6872B-06FF-4077-9752-C0C8378A5B76}"
EndProject
Project("{2150E333-8FDC-42A3-9474-1A3956D46DE8}") = "infrastructure", "infrastructure", "{3CBBF0AA-39DA-4EA0-BE27-3890488348BC}"
EndProject
Project("{2150E333-8FDC-42A3-9474-1A3956D46DE8}") = "presentation", "presentation", "{11B230C1-EC0C-4E7F-A2B9-C78E5E315583}"
EndProject
Project("{2150E333-8FDC-42A3-9474-1A3956D46DE8}") = "application", "application", "{48D382E7-987B-44D5-8820-57B6DDF5DDFC}"
EndProject
Project("{2150E333-8FDC-42A3-9474-1A3956D46DE8}") = "authorization", "authorization", "{F027B958-1E44-4D1D-8DF1-2933A510D780}"
EndProject
Project("{2150E333-8FDC-42A3-9474-1A3956D46DE8}") = "adapterService", "adapterService", "{1028E307-593E-4B29-86E6-E68466EA7FC8}"
EndProject
Project("{2150E333-8FDC-42A3-9474-1A3956D46DE8}") = "domainService", "domainService", "{45DFBF47-21E9-4E52-9837-C2B01AC27AAE}"
EndProject
Project("{2150E333-8FDC-42A3-9474-1A3956D46DE8}") = "repository", "repository", "{893C18B6-C37B-46FC-8923-BD900284881F}"
EndProject
Project("{FAE04EC0-301F-11D3-BF4B-00C04F79EFBC}") = "byLiGG.AdapterServices.Abstractions", "src\byligg\core\application\adapterService\byLiGG.AdapterServices.Abstractions\byLiGG.AdapterServices.Abstractions.csproj", "{374D166D-6508-4338-A35E-ECF1ED51F015}"
EndProject
Project("{FAE04EC0-301F-11D3-BF4B-00C04F79EFBC}") = "byLiGG.Application.Constants", "src\byligg\core\application\application\byLiGG.Application.Constants\byLiGG.Application.Constants.csproj", "{9FB39ADF-21B1-49B1-AB5D-24C439C3247E}"
EndProject
Project("{FAE04EC0-301F-11D3-BF4B-00C04F79EFBC}") = "byLiGG.Application.UseCases", "src\byligg\core\application\application\byLiGG.Application.UseCases\byLiGG.Application.UseCases.csproj", "{8ACC8DFD-03A6-4C0E-9E16-2349F3C8C392}"
EndProject
Project("{FAE04EC0-301F-11D3-BF4B-00C04F79EFBC}") = "byLiGG.Application.Utilities", "src\byligg\core\application\application\byLiGG.Application.Utilities\byLiGG.Application.Utilities.csproj", "{909AF767-CA67-43DD-91B5-08355D2CC26A}"
EndProject
Project("{2150E333-8FDC-42A3-9474-1A3956D46DE8}") = "configuration", "configuration", "{1FDC5FF5-9F8F-4810-938E-65F1877315CF}"
EndProject
Project("{FAE04EC0-301F-11D3-BF4B-00C04F79EFBC}") = "byLiGG.Configuration", "src\byligg\core\application\configuration\byLiGG.Configuration\byLiGG.Configuration.csproj", "{DB2B1792-AAA3-472E-B252-5054137336FF}"
EndProject
Project("{FAE04EC0-301F-11D3-BF4B-00C04F79EFBC}") = "byLiGG.Configuration.Registration", "src\byligg\core\application\configuration\byLiGG.Configuration.Registration\byLiGG.Configuration.Registration.csproj", "{5A51EDB6-315C-4A9D-B8D3-429609317A37}"
EndProject
Project("{FAE04EC0-301F-11D3-BF4B-00C04F79EFBC}") = "byLiGG.DomainServices.Abstractions", "src\byligg\core\application\domainService\byLiGG.DomainServices.Abstractions\byLiGG.DomainServices.Abstractions.csproj", "{CCAE0156-29A3-4A1A-9C79-0B629E1C57BC}"
EndProject
Project("{FAE04EC0-301F-11D3-BF4B-00C04F79EFBC}") = "byLiGG.Repositories.Abstractions", "src\byligg\core\application\repository\byLiGG.Repositories.Abstractions\byLiGG.Repositories.Abstractions.csproj", "{B2358F2D-7DCA-4297-B716-4760F8E3D870}"
EndProject
Project("{FAE04EC0-301F-11D3-BF4B-00C04F79EFBC}") = "byLiGG.Authorization", "src\byligg\core\application\authorization\byLiGG.Authorization\byLiGG.Authorization.csproj", "{F8CADD06-E186-40B5-BD79-20250E212177}"
EndProject
Project("{FAE04EC0-301F-11D3-BF4B-00C04F79EFBC}") = "byLiGG.AuthorizationServices.Abstractions", "src\byligg\core\application\authorization\byLiGG.AuthorizationServices.Abstractions\byLiGG.AuthorizationServices.Abstractions.csproj", "{828C72EF-A952-4316-AD73-954C3464A597}"
EndProject
Project("{FAE04EC0-301F-11D3-BF4B-00C04F79EFBC}") = "byLiGG.Domain", "src\byligg\core\domain\byLiGG.Domain\byLiGG.Domain.csproj", "{A0204978-7E52-4A51-A334-E734863FE8F5}"
EndProject
Project("{FAE04EC0-301F-11D3-BF4B-00C04F79EFBC}") = "byLiGG.Domain.EntityProperty", "src\byligg\core\domain\byLiGG.Domain.EntityProperty\byLiGG.Domain.EntityProperty.csproj", "{A4D14065-9959-477E-9F18-B9ABE45FC656}"
EndProject
Project("{2150E333-8FDC-42A3-9474-1A3956D46DE8}") = "adapterService", "adapterService", "{1FDC4DC3-C5BD-48DA-9800-0ABB9724E9B6}"
EndProject
Project("{2150E333-8FDC-42A3-9474-1A3956D46DE8}") = "authorization", "authorization", "{5FD96198-0658-457F-BBC3-9FA17A8E3BCE}"
EndProject
Project("{2150E333-8FDC-42A3-9474-1A3956D46DE8}") = "domainService", "domainService", "{B7252605-2CEF-474E-B742-F6A64F0F8BC5}"
EndProject
Project("{2150E333-8FDC-42A3-9474-1A3956D46DE8}") = "persistance", "persistance", "{5BFAC485-F35C-4366-A939-B5625117477B}"
EndProject
Project("{2150E333-8FDC-42A3-9474-1A3956D46DE8}") = "repository", "repository", "{6DA1CDFE-B6C1-4473-92DC-C791E16D9343}"
EndProject
Project("{FAE04EC0-301F-11D3-BF4B-00C04F79EFBC}") = "byLiGG.AdapterServices", "src\byligg\infrastructure\adapterService\byLiGG.AdapterServices\byLiGG.AdapterServices.csproj", "{BD84FFB7-E9E7-4B9F-AA31-D4676CEF66B0}"
EndProject
Project("{FAE04EC0-301F-11D3-BF4B-00C04F79EFBC}") = "byLiGG.DomainServices", "src\byligg\infrastructure\domainService\byLiGG.DomainServices\byLiGG.DomainServices.csproj", "{E6461B75-1A47-4814-AC77-34AC3F9AA1C0}"
EndProject
Project("{FAE04EC0-301F-11D3-BF4B-00C04F79EFBC}") = "byLiGG.AuthorizationServices", "src\byligg\infrastructure\authorization\byLiGG.AuthorizationServices\byLiGG.AuthorizationServices.csproj", "{01AB3B2D-FEFB-4009-AF05-4D0B462DA742}"
EndProject
Project("{FAE04EC0-301F-11D3-BF4B-00C04F79EFBC}") = "byLiGG.Persistence", "src\byligg\infrastructure\persistance\byLiGG.Persistence\byLiGG.Persistence.csproj", "{388A9312-7F2B-4222-9E9E-2628A7DB2096}"
EndProject
Project("{FAE04EC0-301F-11D3-BF4B-00C04F79EFBC}") = "byLiGG.Repositories", "src\byligg\infrastructure\repository\byLiGG.Repositories\byLiGG.Repositories.csproj", "{95C9647D-DB64-4A59-9983-915B094BAD7A}"
EndProject
Project("{FAE04EC0-301F-11D3-BF4B-00C04F79EFBC}") = "byLiGG.Presentation.Constants", "src\byligg\presentation\byLiGG.Presentation.Constants\byLiGG.Presentation.Constants.csproj", "{DB07B341-2B31-4F99-96D8-9A999ED4617B}"
EndProject
Project("{FAE04EC0-301F-11D3-BF4B-00C04F79EFBC}") = "byLiGG.Presentation.Formatters", "src\byligg\presentation\byLiGG.Presentation.Formatters\byLiGG.Presentation.Formatters.csproj", "{0F46E974-D7D0-48A3-A163-DAAE013869BE}"
EndProject
Project("{FAE04EC0-301F-11D3-BF4B-00C04F79EFBC}") = "byLiGG.Presentation", "src\byligg\presentation\byLiGG.Presentation\byLiGG.Presentation.csproj", "{DF1E1693-0D57-4158-8B1B-15560A1860CA}"
EndProject
Project("{FAE04EC0-301F-11D3-BF4B-00C04F79EFBC}") = "byLiGG.API", "src\byligg\byLiGG.API\byLiGG.API.csproj", "{3146D81A-A282-4DE5-8D3A-E3FFD2FD1D80}"
EndProject
Project("{FAE04EC0-301F-11D3-BF4B-00C04F79EFBC}") = "byLiGG.Domain.Language", "src\byligg\core\domain\byLiGG.Domain.Language\byLiGG.Domain.Language.csproj", "{6F1C84D8-5C3D-40A7-B4E0-80D2943AA827}"
EndProject
Global
	GlobalSection(SolutionConfigurationPlatforms) = preSolution
		Debug|Any CPU = Debug|Any CPU
		Release|Any CPU = Release|Any CPU
	EndGlobalSection
	GlobalSection(ProjectConfigurationPlatforms) = postSolution
		{0D12250D-FDB9-4DA0-86FD-746681BC9D45}.Debug|Any CPU.ActiveCfg = Debug|Any CPU
		{0D12250D-FDB9-4DA0-86FD-746681BC9D45}.Debug|Any CPU.Build.0 = Debug|Any CPU
		{0D12250D-FDB9-4DA0-86FD-746681BC9D45}.Release|Any CPU.ActiveCfg = Release|Any CPU
		{0D12250D-FDB9-4DA0-86FD-746681BC9D45}.Release|Any CPU.Build.0 = Release|Any CPU
		{FE8E1F12-F52F-43DB-BEA7-22FC13D105EF}.Debug|Any CPU.ActiveCfg = Debug|Any CPU
		{FE8E1F12-F52F-43DB-BEA7-22FC13D105EF}.Debug|Any CPU.Build.0 = Debug|Any CPU
		{FE8E1F12-F52F-43DB-BEA7-22FC13D105EF}.Release|Any CPU.ActiveCfg = Release|Any CPU
		{FE8E1F12-F52F-43DB-BEA7-22FC13D105EF}.Release|Any CPU.Build.0 = Release|Any CPU
		{3FB1790C-75A7-4D40-8DDC-9305F994DE20}.Debug|Any CPU.ActiveCfg = Debug|Any CPU
		{3FB1790C-75A7-4D40-8DDC-9305F994DE20}.Debug|Any CPU.Build.0 = Debug|Any CPU
		{3FB1790C-75A7-4D40-8DDC-9305F994DE20}.Release|Any CPU.ActiveCfg = Release|Any CPU
		{3FB1790C-75A7-4D40-8DDC-9305F994DE20}.Release|Any CPU.Build.0 = Release|Any CPU
		{8E4EFAE3-9EBB-41B7-AA57-D66C4E62C63C}.Debug|Any CPU.ActiveCfg = Debug|Any CPU
		{8E4EFAE3-9EBB-41B7-AA57-D66C4E62C63C}.Debug|Any CPU.Build.0 = Debug|Any CPU
		{8E4EFAE3-9EBB-41B7-AA57-D66C4E62C63C}.Release|Any CPU.ActiveCfg = Release|Any CPU
		{8E4EFAE3-9EBB-41B7-AA57-D66C4E62C63C}.Release|Any CPU.Build.0 = Release|Any CPU
		{BB7E0EDD-D5EC-4C20-98EB-6E38F77C69CD}.Debug|Any CPU.ActiveCfg = Debug|Any CPU
		{BB7E0EDD-D5EC-4C20-98EB-6E38F77C69CD}.Debug|Any CPU.Build.0 = Debug|Any CPU
		{BB7E0EDD-D5EC-4C20-98EB-6E38F77C69CD}.Release|Any CPU.ActiveCfg = Release|Any CPU
		{BB7E0EDD-D5EC-4C20-98EB-6E38F77C69CD}.Release|Any CPU.Build.0 = Release|Any CPU
		{1B5E1E57-2817-4EB0-877D-74634D95559E}.Debug|Any CPU.ActiveCfg = Debug|Any CPU
		{1B5E1E57-2817-4EB0-877D-74634D95559E}.Debug|Any CPU.Build.0 = Debug|Any CPU
		{1B5E1E57-2817-4EB0-877D-74634D95559E}.Release|Any CPU.ActiveCfg = Release|Any CPU
		{1B5E1E57-2817-4EB0-877D-74634D95559E}.Release|Any CPU.Build.0 = Release|Any CPU
		{14237A4D-2EC3-478F-BC1E-52A4281EFBB1}.Debug|Any CPU.ActiveCfg = Debug|Any CPU
		{14237A4D-2EC3-478F-BC1E-52A4281EFBB1}.Debug|Any CPU.Build.0 = Debug|Any CPU
		{14237A4D-2EC3-478F-BC1E-52A4281EFBB1}.Release|Any CPU.ActiveCfg = Release|Any CPU
		{14237A4D-2EC3-478F-BC1E-52A4281EFBB1}.Release|Any CPU.Build.0 = Release|Any CPU
		{22C1D3CC-98B4-4E38-B2CB-EB2B1C3D5F7A}.Debug|Any CPU.ActiveCfg = Debug|Any CPU
		{22C1D3CC-98B4-4E38-B2CB-EB2B1C3D5F7A}.Debug|Any CPU.Build.0 = Debug|Any CPU
		{22C1D3CC-98B4-4E38-B2CB-EB2B1C3D5F7A}.Release|Any CPU.ActiveCfg = Release|Any CPU
		{22C1D3CC-98B4-4E38-B2CB-EB2B1C3D5F7A}.Release|Any CPU.Build.0 = Release|Any CPU
		{DD44922F-D13F-40AF-BAED-21DC6668740D}.Debug|Any CPU.ActiveCfg = Debug|Any CPU
		{DD44922F-D13F-40AF-BAED-21DC6668740D}.Debug|Any CPU.Build.0 = Debug|Any CPU
		{DD44922F-D13F-40AF-BAED-21DC6668740D}.Release|Any CPU.ActiveCfg = Release|Any CPU
		{DD44922F-D13F-40AF-BAED-21DC6668740D}.Release|Any CPU.Build.0 = Release|Any CPU
		{F9FBB9F1-205A-4FD6-98AE-7005F3EA47DD}.Debug|Any CPU.ActiveCfg = Debug|Any CPU
		{F9FBB9F1-205A-4FD6-98AE-7005F3EA47DD}.Debug|Any CPU.Build.0 = Debug|Any CPU
		{F9FBB9F1-205A-4FD6-98AE-7005F3EA47DD}.Release|Any CPU.ActiveCfg = Release|Any CPU
		{F9FBB9F1-205A-4FD6-98AE-7005F3EA47DD}.Release|Any CPU.Build.0 = Release|Any CPU
		{23D1E53A-C164-4645-9507-2E31A58E19F7}.Debug|Any CPU.ActiveCfg = Debug|Any CPU
		{23D1E53A-C164-4645-9507-2E31A58E19F7}.Debug|Any CPU.Build.0 = Debug|Any CPU
		{23D1E53A-C164-4645-9507-2E31A58E19F7}.Release|Any CPU.ActiveCfg = Release|Any CPU
		{23D1E53A-C164-4645-9507-2E31A58E19F7}.Release|Any CPU.Build.0 = Release|Any CPU
		{E448814D-AA2D-41E8-90B1-97CA2F9AF6C7}.Debug|Any CPU.ActiveCfg = Debug|Any CPU
		{E448814D-AA2D-41E8-90B1-97CA2F9AF6C7}.Debug|Any CPU.Build.0 = Debug|Any CPU
		{E448814D-AA2D-41E8-90B1-97CA2F9AF6C7}.Release|Any CPU.ActiveCfg = Release|Any CPU
		{E448814D-AA2D-41E8-90B1-97CA2F9AF6C7}.Release|Any CPU.Build.0 = Release|Any CPU
		{A95E518B-D930-4C28-A23E-BD26EF1CD984}.Debug|Any CPU.ActiveCfg = Debug|Any CPU
		{A95E518B-D930-4C28-A23E-BD26EF1CD984}.Debug|Any CPU.Build.0 = Debug|Any CPU
		{A95E518B-D930-4C28-A23E-BD26EF1CD984}.Release|Any CPU.ActiveCfg = Release|Any CPU
		{A95E518B-D930-4C28-A23E-BD26EF1CD984}.Release|Any CPU.Build.0 = Release|Any CPU
		{934B0B6D-D77C-4999-8E25-92BABC8B5C8A}.Debug|Any CPU.ActiveCfg = Debug|Any CPU
		{934B0B6D-D77C-4999-8E25-92BABC8B5C8A}.Debug|Any CPU.Build.0 = Debug|Any CPU
		{934B0B6D-D77C-4999-8E25-92BABC8B5C8A}.Release|Any CPU.ActiveCfg = Release|Any CPU
		{934B0B6D-D77C-4999-8E25-92BABC8B5C8A}.Release|Any CPU.Build.0 = Release|Any CPU
		{ECF99D5A-8512-40DB-8D35-49E802864B86}.Debug|Any CPU.ActiveCfg = Debug|Any CPU
		{ECF99D5A-8512-40DB-8D35-49E802864B86}.Debug|Any CPU.Build.0 = Debug|Any CPU
		{ECF99D5A-8512-40DB-8D35-49E802864B86}.Release|Any CPU.ActiveCfg = Release|Any CPU
		{ECF99D5A-8512-40DB-8D35-49E802864B86}.Release|Any CPU.Build.0 = Release|Any CPU
		{CBCA7E2D-C48E-42C9-8280-652FF9DB3854}.Debug|Any CPU.ActiveCfg = Debug|Any CPU
		{CBCA7E2D-C48E-42C9-8280-652FF9DB3854}.Debug|Any CPU.Build.0 = Debug|Any CPU
		{CBCA7E2D-C48E-42C9-8280-652FF9DB3854}.Release|Any CPU.ActiveCfg = Release|Any CPU
		{CBCA7E2D-C48E-42C9-8280-652FF9DB3854}.Release|Any CPU.Build.0 = Release|Any CPU
		{374D166D-6508-4338-A35E-ECF1ED51F015}.Debug|Any CPU.ActiveCfg = Debug|Any CPU
		{374D166D-6508-4338-A35E-ECF1ED51F015}.Debug|Any CPU.Build.0 = Debug|Any CPU
		{374D166D-6508-4338-A35E-ECF1ED51F015}.Release|Any CPU.ActiveCfg = Release|Any CPU
		{374D166D-6508-4338-A35E-ECF1ED51F015}.Release|Any CPU.Build.0 = Release|Any CPU
		{9FB39ADF-21B1-49B1-AB5D-24C439C3247E}.Debug|Any CPU.ActiveCfg = Debug|Any CPU
		{9FB39ADF-21B1-49B1-AB5D-24C439C3247E}.Debug|Any CPU.Build.0 = Debug|Any CPU
		{9FB39ADF-21B1-49B1-AB5D-24C439C3247E}.Release|Any CPU.ActiveCfg = Release|Any CPU
		{9FB39ADF-21B1-49B1-AB5D-24C439C3247E}.Release|Any CPU.Build.0 = Release|Any CPU
		{8ACC8DFD-03A6-4C0E-9E16-2349F3C8C392}.Debug|Any CPU.ActiveCfg = Debug|Any CPU
		{8ACC8DFD-03A6-4C0E-9E16-2349F3C8C392}.Debug|Any CPU.Build.0 = Debug|Any CPU
		{8ACC8DFD-03A6-4C0E-9E16-2349F3C8C392}.Release|Any CPU.ActiveCfg = Release|Any CPU
		{8ACC8DFD-03A6-4C0E-9E16-2349F3C8C392}.Release|Any CPU.Build.0 = Release|Any CPU
		{909AF767-CA67-43DD-91B5-08355D2CC26A}.Debug|Any CPU.ActiveCfg = Debug|Any CPU
		{909AF767-CA67-43DD-91B5-08355D2CC26A}.Debug|Any CPU.Build.0 = Debug|Any CPU
		{909AF767-CA67-43DD-91B5-08355D2CC26A}.Release|Any CPU.ActiveCfg = Release|Any CPU
		{909AF767-CA67-43DD-91B5-08355D2CC26A}.Release|Any CPU.Build.0 = Release|Any CPU
		{DB2B1792-AAA3-472E-B252-5054137336FF}.Debug|Any CPU.ActiveCfg = Debug|Any CPU
		{DB2B1792-AAA3-472E-B252-5054137336FF}.Debug|Any CPU.Build.0 = Debug|Any CPU
		{DB2B1792-AAA3-472E-B252-5054137336FF}.Release|Any CPU.ActiveCfg = Release|Any CPU
		{DB2B1792-AAA3-472E-B252-5054137336FF}.Release|Any CPU.Build.0 = Release|Any CPU
		{5A51EDB6-315C-4A9D-B8D3-429609317A37}.Debug|Any CPU.ActiveCfg = Debug|Any CPU
		{5A51EDB6-315C-4A9D-B8D3-429609317A37}.Debug|Any CPU.Build.0 = Debug|Any CPU
		{5A51EDB6-315C-4A9D-B8D3-429609317A37}.Release|Any CPU.ActiveCfg = Release|Any CPU
		{5A51EDB6-315C-4A9D-B8D3-429609317A37}.Release|Any CPU.Build.0 = Release|Any CPU
		{CCAE0156-29A3-4A1A-9C79-0B629E1C57BC}.Debug|Any CPU.ActiveCfg = Debug|Any CPU
		{CCAE0156-29A3-4A1A-9C79-0B629E1C57BC}.Debug|Any CPU.Build.0 = Debug|Any CPU
		{CCAE0156-29A3-4A1A-9C79-0B629E1C57BC}.Release|Any CPU.ActiveCfg = Release|Any CPU
		{CCAE0156-29A3-4A1A-9C79-0B629E1C57BC}.Release|Any CPU.Build.0 = Release|Any CPU
		{B2358F2D-7DCA-4297-B716-4760F8E3D870}.Debug|Any CPU.ActiveCfg = Debug|Any CPU
		{B2358F2D-7DCA-4297-B716-4760F8E3D870}.Debug|Any CPU.Build.0 = Debug|Any CPU
		{B2358F2D-7DCA-4297-B716-4760F8E3D870}.Release|Any CPU.ActiveCfg = Release|Any CPU
		{B2358F2D-7DCA-4297-B716-4760F8E3D870}.Release|Any CPU.Build.0 = Release|Any CPU
		{F8CADD06-E186-40B5-BD79-20250E212177}.Debug|Any CPU.ActiveCfg = Debug|Any CPU
		{F8CADD06-E186-40B5-BD79-20250E212177}.Debug|Any CPU.Build.0 = Debug|Any CPU
		{F8CADD06-E186-40B5-BD79-20250E212177}.Release|Any CPU.ActiveCfg = Release|Any CPU
		{F8CADD06-E186-40B5-BD79-20250E212177}.Release|Any CPU.Build.0 = Release|Any CPU
		{828C72EF-A952-4316-AD73-954C3464A597}.Debug|Any CPU.ActiveCfg = Debug|Any CPU
		{828C72EF-A952-4316-AD73-954C3464A597}.Debug|Any CPU.Build.0 = Debug|Any CPU
		{828C72EF-A952-4316-AD73-954C3464A597}.Release|Any CPU.ActiveCfg = Release|Any CPU
		{828C72EF-A952-4316-AD73-954C3464A597}.Release|Any CPU.Build.0 = Release|Any CPU
		{A0204978-7E52-4A51-A334-E734863FE8F5}.Debug|Any CPU.ActiveCfg = Debug|Any CPU
		{A0204978-7E52-4A51-A334-E734863FE8F5}.Debug|Any CPU.Build.0 = Debug|Any CPU
		{A0204978-7E52-4A51-A334-E734863FE8F5}.Release|Any CPU.ActiveCfg = Release|Any CPU
		{A0204978-7E52-4A51-A334-E734863FE8F5}.Release|Any CPU.Build.0 = Release|Any CPU
		{A4D14065-9959-477E-9F18-B9ABE45FC656}.Debug|Any CPU.ActiveCfg = Debug|Any CPU
		{A4D14065-9959-477E-9F18-B9ABE45FC656}.Debug|Any CPU.Build.0 = Debug|Any CPU
		{A4D14065-9959-477E-9F18-B9ABE45FC656}.Release|Any CPU.ActiveCfg = Release|Any CPU
		{A4D14065-9959-477E-9F18-B9ABE45FC656}.Release|Any CPU.Build.0 = Release|Any CPU
		{BD84FFB7-E9E7-4B9F-AA31-D4676CEF66B0}.Debug|Any CPU.ActiveCfg = Debug|Any CPU
		{BD84FFB7-E9E7-4B9F-AA31-D4676CEF66B0}.Debug|Any CPU.Build.0 = Debug|Any CPU
		{BD84FFB7-E9E7-4B9F-AA31-D4676CEF66B0}.Release|Any CPU.ActiveCfg = Release|Any CPU
		{BD84FFB7-E9E7-4B9F-AA31-D4676CEF66B0}.Release|Any CPU.Build.0 = Release|Any CPU
		{E6461B75-1A47-4814-AC77-34AC3F9AA1C0}.Debug|Any CPU.ActiveCfg = Debug|Any CPU
		{E6461B75-1A47-4814-AC77-34AC3F9AA1C0}.Debug|Any CPU.Build.0 = Debug|Any CPU
		{E6461B75-1A47-4814-AC77-34AC3F9AA1C0}.Release|Any CPU.ActiveCfg = Release|Any CPU
		{E6461B75-1A47-4814-AC77-34AC3F9AA1C0}.Release|Any CPU.Build.0 = Release|Any CPU
		{01AB3B2D-FEFB-4009-AF05-4D0B462DA742}.Debug|Any CPU.ActiveCfg = Debug|Any CPU
		{01AB3B2D-FEFB-4009-AF05-4D0B462DA742}.Debug|Any CPU.Build.0 = Debug|Any CPU
		{01AB3B2D-FEFB-4009-AF05-4D0B462DA742}.Release|Any CPU.ActiveCfg = Release|Any CPU
		{01AB3B2D-FEFB-4009-AF05-4D0B462DA742}.Release|Any CPU.Build.0 = Release|Any CPU
		{388A9312-7F2B-4222-9E9E-2628A7DB2096}.Debug|Any CPU.ActiveCfg = Debug|Any CPU
		{388A9312-7F2B-4222-9E9E-2628A7DB2096}.Debug|Any CPU.Build.0 = Debug|Any CPU
		{388A9312-7F2B-4222-9E9E-2628A7DB2096}.Release|Any CPU.ActiveCfg = Release|Any CPU
		{388A9312-7F2B-4222-9E9E-2628A7DB2096}.Release|Any CPU.Build.0 = Release|Any CPU
		{95C9647D-DB64-4A59-9983-915B094BAD7A}.Debug|Any CPU.ActiveCfg = Debug|Any CPU
		{95C9647D-DB64-4A59-9983-915B094BAD7A}.Debug|Any CPU.Build.0 = Debug|Any CPU
		{95C9647D-DB64-4A59-9983-915B094BAD7A}.Release|Any CPU.ActiveCfg = Release|Any CPU
		{95C9647D-DB64-4A59-9983-915B094BAD7A}.Release|Any CPU.Build.0 = Release|Any CPU
		{DB07B341-2B31-4F99-96D8-9A999ED4617B}.Debug|Any CPU.ActiveCfg = Debug|Any CPU
		{DB07B341-2B31-4F99-96D8-9A999ED4617B}.Debug|Any CPU.Build.0 = Debug|Any CPU
		{DB07B341-2B31-4F99-96D8-9A999ED4617B}.Release|Any CPU.ActiveCfg = Release|Any CPU
		{DB07B341-2B31-4F99-96D8-9A999ED4617B}.Release|Any CPU.Build.0 = Release|Any CPU
		{0F46E974-D7D0-48A3-A163-DAAE013869BE}.Debug|Any CPU.ActiveCfg = Debug|Any CPU
		{0F46E974-D7D0-48A3-A163-DAAE013869BE}.Debug|Any CPU.Build.0 = Debug|Any CPU
		{0F46E974-D7D0-48A3-A163-DAAE013869BE}.Release|Any CPU.ActiveCfg = Release|Any CPU
		{0F46E974-D7D0-48A3-A163-DAAE013869BE}.Release|Any CPU.Build.0 = Release|Any CPU
		{DF1E1693-0D57-4158-8B1B-15560A1860CA}.Debug|Any CPU.ActiveCfg = Debug|Any CPU
		{DF1E1693-0D57-4158-8B1B-15560A1860CA}.Debug|Any CPU.Build.0 = Debug|Any CPU
		{DF1E1693-0D57-4158-8B1B-15560A1860CA}.Release|Any CPU.ActiveCfg = Release|Any CPU
		{DF1E1693-0D57-4158-8B1B-15560A1860CA}.Release|Any CPU.Build.0 = Release|Any CPU
		{3146D81A-A282-4DE5-8D3A-E3FFD2FD1D80}.Debug|Any CPU.ActiveCfg = Debug|Any CPU
		{3146D81A-A282-4DE5-8D3A-E3FFD2FD1D80}.Debug|Any CPU.Build.0 = Debug|Any CPU
		{3146D81A-A282-4DE5-8D3A-E3FFD2FD1D80}.Release|Any CPU.ActiveCfg = Release|Any CPU
		{3146D81A-A282-4DE5-8D3A-E3FFD2FD1D80}.Release|Any CPU.Build.0 = Release|Any CPU
		{6F1C84D8-5C3D-40A7-B4E0-80D2943AA827}.Debug|Any CPU.ActiveCfg = Debug|Any CPU
		{6F1C84D8-5C3D-40A7-B4E0-80D2943AA827}.Debug|Any CPU.Build.0 = Debug|Any CPU
		{6F1C84D8-5C3D-40A7-B4E0-80D2943AA827}.Release|Any CPU.ActiveCfg = Release|Any CPU
		{6F1C84D8-5C3D-40A7-B4E0-80D2943AA827}.Release|Any CPU.Build.0 = Release|Any CPU
	EndGlobalSection
	GlobalSection(SolutionProperties) = preSolution
		HideSolutionNode = FALSE
	EndGlobalSection
	GlobalSection(NestedProjects) = preSolution
		{ED7A204E-51F4-4B15-B119-95F5D90FA1A6} = {FF8BA468-A2E3-42D2-A389-AAA866BD0B9B}
		{0D12250D-FDB9-4DA0-86FD-746681BC9D45} = {ED7A204E-51F4-4B15-B119-95F5D90FA1A6}
		{FE8E1F12-F52F-43DB-BEA7-22FC13D105EF} = {ED7A204E-51F4-4B15-B119-95F5D90FA1A6}
		{3FB1790C-75A7-4D40-8DDC-9305F994DE20} = {ED7A204E-51F4-4B15-B119-95F5D90FA1A6}
		{8E4EFAE3-9EBB-41B7-AA57-D66C4E62C63C} = {ED7A204E-51F4-4B15-B119-95F5D90FA1A6}
		{BB7E0EDD-D5EC-4C20-98EB-6E38F77C69CD} = {ED7A204E-51F4-4B15-B119-95F5D90FA1A6}
		{1B5E1E57-2817-4EB0-877D-74634D95559E} = {ED7A204E-51F4-4B15-B119-95F5D90FA1A6}
		{14237A4D-2EC3-478F-BC1E-52A4281EFBB1} = {ED7A204E-51F4-4B15-B119-95F5D90FA1A6}
		{22C1D3CC-98B4-4E38-B2CB-EB2B1C3D5F7A} = {ED7A204E-51F4-4B15-B119-95F5D90FA1A6}
		{DD44922F-D13F-40AF-BAED-21DC6668740D} = {ED7A204E-51F4-4B15-B119-95F5D90FA1A6}
		{F9FBB9F1-205A-4FD6-98AE-7005F3EA47DD} = {ED7A204E-51F4-4B15-B119-95F5D90FA1A6}
		{23D1E53A-C164-4645-9507-2E31A58E19F7} = {ED7A204E-51F4-4B15-B119-95F5D90FA1A6}
		{E448814D-AA2D-41E8-90B1-97CA2F9AF6C7} = {ED7A204E-51F4-4B15-B119-95F5D90FA1A6}
		{A95E518B-D930-4C28-A23E-BD26EF1CD984} = {ED7A204E-51F4-4B15-B119-95F5D90FA1A6}
		{934B0B6D-D77C-4999-8E25-92BABC8B5C8A} = {ED7A204E-51F4-4B15-B119-95F5D90FA1A6}
		{ECF99D5A-8512-40DB-8D35-49E802864B86} = {ED7A204E-51F4-4B15-B119-95F5D90FA1A6}
		{CBCA7E2D-C48E-42C9-8280-652FF9DB3854} = {ED7A204E-51F4-4B15-B119-95F5D90FA1A6}
		{0054E95F-75D0-48EF-B6B5-B1524F74E259} = {FF8BA468-A2E3-42D2-A389-AAA866BD0B9B}
		{4B12BACA-DB01-4DC7-A14C-1DC2B4FF29B4} = {0054E95F-75D0-48EF-B6B5-B1524F74E259}
		{80634568-93CD-44CE-AD04-8F9E88E0C074} = {4B12BACA-DB01-4DC7-A14C-1DC2B4FF29B4}
		{19D6872B-06FF-4077-9752-C0C8378A5B76} = {4B12BACA-DB01-4DC7-A14C-1DC2B4FF29B4}
		{3CBBF0AA-39DA-4EA0-BE27-3890488348BC} = {0054E95F-75D0-48EF-B6B5-B1524F74E259}
		{11B230C1-EC0C-4E7F-A2B9-C78E5E315583} = {0054E95F-75D0-48EF-B6B5-B1524F74E259}
		{48D382E7-987B-44D5-8820-57B6DDF5DDFC} = {80634568-93CD-44CE-AD04-8F9E88E0C074}
		{F027B958-1E44-4D1D-8DF1-2933A510D780} = {80634568-93CD-44CE-AD04-8F9E88E0C074}
		{1028E307-593E-4B29-86E6-E68466EA7FC8} = {80634568-93CD-44CE-AD04-8F9E88E0C074}
		{45DFBF47-21E9-4E52-9837-C2B01AC27AAE} = {80634568-93CD-44CE-AD04-8F9E88E0C074}
		{893C18B6-C37B-46FC-8923-BD900284881F} = {80634568-93CD-44CE-AD04-8F9E88E0C074}
		{374D166D-6508-4338-A35E-ECF1ED51F015} = {1028E307-593E-4B29-86E6-E68466EA7FC8}
		{9FB39ADF-21B1-49B1-AB5D-24C439C3247E} = {48D382E7-987B-44D5-8820-57B6DDF5DDFC}
		{8ACC8DFD-03A6-4C0E-9E16-2349F3C8C392} = {48D382E7-987B-44D5-8820-57B6DDF5DDFC}
		{909AF767-CA67-43DD-91B5-08355D2CC26A} = {48D382E7-987B-44D5-8820-57B6DDF5DDFC}
		{1FDC5FF5-9F8F-4810-938E-65F1877315CF} = {80634568-93CD-44CE-AD04-8F9E88E0C074}
		{DB2B1792-AAA3-472E-B252-5054137336FF} = {1FDC5FF5-9F8F-4810-938E-65F1877315CF}
		{5A51EDB6-315C-4A9D-B8D3-429609317A37} = {1FDC5FF5-9F8F-4810-938E-65F1877315CF}
		{CCAE0156-29A3-4A1A-9C79-0B629E1C57BC} = {45DFBF47-21E9-4E52-9837-C2B01AC27AAE}
		{B2358F2D-7DCA-4297-B716-4760F8E3D870} = {893C18B6-C37B-46FC-8923-BD900284881F}
		{F8CADD06-E186-40B5-BD79-20250E212177} = {F027B958-1E44-4D1D-8DF1-2933A510D780}
		{828C72EF-A952-4316-AD73-954C3464A597} = {F027B958-1E44-4D1D-8DF1-2933A510D780}
		{A0204978-7E52-4A51-A334-E734863FE8F5} = {19D6872B-06FF-4077-9752-C0C8378A5B76}
		{A4D14065-9959-477E-9F18-B9ABE45FC656} = {19D6872B-06FF-4077-9752-C0C8378A5B76}
		{1FDC4DC3-C5BD-48DA-9800-0ABB9724E9B6} = {3CBBF0AA-39DA-4EA0-BE27-3890488348BC}
		{5FD96198-0658-457F-BBC3-9FA17A8E3BCE} = {3CBBF0AA-39DA-4EA0-BE27-3890488348BC}
		{B7252605-2CEF-474E-B742-F6A64F0F8BC5} = {3CBBF0AA-39DA-4EA0-BE27-3890488348BC}
		{5BFAC485-F35C-4366-A939-B5625117477B} = {3CBBF0AA-39DA-4EA0-BE27-3890488348BC}
		{6DA1CDFE-B6C1-4473-92DC-C791E16D9343} = {3CBBF0AA-39DA-4EA0-BE27-3890488348BC}
		{BD84FFB7-E9E7-4B9F-AA31-D4676CEF66B0} = {1FDC4DC3-C5BD-48DA-9800-0ABB9724E9B6}
		{E6461B75-1A47-4814-AC77-34AC3F9AA1C0} = {B7252605-2CEF-474E-B742-F6A64F0F8BC5}
		{01AB3B2D-FEFB-4009-AF05-4D0B462DA742} = {5FD96198-0658-457F-BBC3-9FA17A8E3BCE}
		{388A9312-7F2B-4222-9E9E-2628A7DB2096} = {5BFAC485-F35C-4366-A939-B5625117477B}
		{95C9647D-DB64-4A59-9983-915B094BAD7A} = {6DA1CDFE-B6C1-4473-92DC-C791E16D9343}
		{DB07B341-2B31-4F99-96D8-9A999ED4617B} = {11B230C1-EC0C-4E7F-A2B9-C78E5E315583}
		{0F46E974-D7D0-48A3-A163-DAAE013869BE} = {11B230C1-EC0C-4E7F-A2B9-C78E5E315583}
		{DF1E1693-0D57-4158-8B1B-15560A1860CA} = {11B230C1-EC0C-4E7F-A2B9-C78E5E315583}
		{3146D81A-A282-4DE5-8D3A-E3FFD2FD1D80} = {0054E95F-75D0-48EF-B6B5-B1524F74E259}
		{6F1C84D8-5C3D-40A7-B4E0-80D2943AA827} = {19D6872B-06FF-4077-9752-C0C8378A5B76}
	EndGlobalSection
EndGlobal
